#MicroXplorer Configuration settings - do not modify
ADC1.Channel-3\#ChannelRegularConversion=ADC_CHANNEL_4
ADC1.Channel-5\#ChannelRegularConversion=ADC_CHANNEL_8
ADC1.Channel-6\#ChannelRegularConversion=ADC_CHANNEL_15
ADC1.ClockPrescaler=ADC_CLOCK_ASYNC_DIV2
ADC1.ContinuousConvMode=DISABLE
ADC1.DMAAccessModeView=ENABLE
ADC1.DMAContinuousRequests=ENABLE
ADC1.EOCSelection=ADC_EOC_SEQ_CONV
ADC1.EnableInjectedConversion=ENABLE
ADC1.ExternalTrigInjecConv=ADC_EXTERNALTRIGINJEC_T1_TRGO
ADC1.IPParameters=Rank-3\#ChannelRegularConversion,Channel-3\#ChannelRegularConversion,SamplingTime-3\#ChannelRegularConversion,OffsetNumber-3\#ChannelRegularConversion,MonitoredBy-3\#ChannelRegularConversion,NbrOfConversionFlag,ContinuousConvMode,DMAContinuousRequests,EOCSelection,ClockPrescaler,Mode,DMAAccessModeView,EnableInjectedConversion,master,InjectedRank-4\#ChannelInjectedConversion,InjectedChannel-4\#ChannelInjectedConversion,InjectedSamplingTime-4\#ChannelInjectedConversion,InjectedOffsetNumber-4\#ChannelInjectedConversion,InjMonitoredBy-4\#ChannelInjectedConversion,InjNumberOfConversion,ExternalTrigInjecConv,injectedQueueMode,Rank-5\#ChannelRegularConversion,Channel-5\#ChannelRegularConversion,SamplingTime-5\#ChannelRegularConversion,OffsetNumber-5\#ChannelRegularConversion,MonitoredBy-5\#ChannelRegularConversion,Rank-6\#ChannelRegularConversion,Channel-6\#ChannelRegularConversion,SamplingTime-6\#ChannelRegularConversion,OffsetNumber-6\#ChannelRegularConversion,MonitoredBy-6\#ChannelRegularConversion,NbrOfConversion,Overrun
ADC1.InjMonitoredBy-4\#ChannelInjectedConversion=__NULL
ADC1.InjNumberOfConversion=1
ADC1.InjectedChannel-4\#ChannelInjectedConversion=ADC_CHANNEL_1
ADC1.InjectedOffsetNumber-4\#ChannelInjectedConversion=ADC_OFFSET_NONE
ADC1.InjectedRank-4\#ChannelInjectedConversion=1
ADC1.InjectedSamplingTime-4\#ChannelInjectedConversion=ADC_SAMPLETIME_6CYCLES_5
ADC1.Mode=ADC_DUALMODE_REGSIMULT_INJECSIMULT
ADC1.MonitoredBy-3\#ChannelRegularConversion=__NULL
ADC1.MonitoredBy-5\#ChannelRegularConversion=__NULL
ADC1.MonitoredBy-6\#ChannelRegularConversion=__NULL
ADC1.NbrOfConversion=3
ADC1.NbrOfConversionFlag=1
ADC1.OffsetNumber-3\#ChannelRegularConversion=ADC_OFFSET_NONE
ADC1.OffsetNumber-5\#ChannelRegularConversion=ADC_OFFSET_NONE
ADC1.OffsetNumber-6\#ChannelRegularConversion=ADC_OFFSET_NONE
ADC1.Overrun=ADC_OVR_DATA_OVERWRITTEN
ADC1.Rank-3\#ChannelRegularConversion=1
ADC1.Rank-5\#ChannelRegularConversion=2
ADC1.Rank-6\#ChannelRegularConversion=3
ADC1.SamplingTime-3\#ChannelRegularConversion=ADC_SAMPLETIME_247CYCLES_5
ADC1.SamplingTime-5\#ChannelRegularConversion=ADC_SAMPLETIME_12CYCLES_5
ADC1.SamplingTime-6\#ChannelRegularConversion=ADC_SAMPLETIME_12CYCLES_5
ADC1.injectedQueueMode=DISABLE
ADC1.master=1
ADC2.Channel-10\#ChannelRegularConversion=ADC_CHANNEL_10
ADC2.Channel-12\#ChannelRegularConversion=ADC_CHANNEL_11
ADC2.Channel-13\#ChannelRegularConversion=ADC_CHANNEL_13
ADC2.ClockPrescaler=ADC_CLOCK_ASYNC_DIV2
ADC2.ContinuousConvMode=DISABLE
ADC2.DMAAccessModeView=ENABLE
ADC2.DMAContinuousRequests=ENABLE
ADC2.EOCSelection=ADC_EOC_SEQ_CONV
ADC2.EnableInjectedConversion=ENABLE
ADC2.IPParameters=Rank-10\#ChannelRegularConversion,Channel-10\#ChannelRegularConversion,SamplingTime-10\#ChannelRegularConversion,OffsetNumber-10\#ChannelRegularConversion,MonitoredBy-10\#ChannelRegularConversion,NbrOfConversionFlag,ContinuousConvMode,EOCSelection,DMAContinuousRequests,ClockPrescaler,Mode,DMAAccessModeView,EnableInjectedConversion,InjectedRank-11\#ChannelInjectedConversion,InjectedChannel-11\#ChannelInjectedConversion,InjectedSamplingTime-11\#ChannelInjectedConversion,InjectedOffsetNumber-11\#ChannelInjectedConversion,InjMonitoredBy-11\#ChannelInjectedConversion,InjNumberOfConversion,OversamplingMode,Rank-12\#ChannelRegularConversion,Channel-12\#ChannelRegularConversion,SamplingTime-12\#ChannelRegularConversion,OffsetNumber-12\#ChannelRegularConversion,MonitoredBy-12\#ChannelRegularConversion,Rank-13\#ChannelRegularConversion,Channel-13\#ChannelRegularConversion,SamplingTime-13\#ChannelRegularConversion,OffsetNumber-13\#ChannelRegularConversion,MonitoredBy-13\#ChannelRegularConversion,NbrOfConversion,Overrun
ADC2.InjMonitoredBy-11\#ChannelInjectedConversion=__NULL
ADC2.InjNumberOfConversion=1
ADC2.InjectedChannel-11\#ChannelInjectedConversion=ADC_CHANNEL_14
ADC2.InjectedOffsetNumber-11\#ChannelInjectedConversion=ADC_OFFSET_NONE
ADC2.InjectedRank-11\#ChannelInjectedConversion=1
ADC2.InjectedSamplingTime-11\#ChannelInjectedConversion=ADC_SAMPLETIME_2CYCLES_5
ADC2.Mode=ADC_DUALMODE_REGSIMULT_INJECSIMULT
ADC2.MonitoredBy-10\#ChannelRegularConversion=__NULL
ADC2.MonitoredBy-12\#ChannelRegularConversion=__NULL
ADC2.MonitoredBy-13\#ChannelRegularConversion=__NULL
ADC2.NbrOfConversion=3
ADC2.NbrOfConversionFlag=1
ADC2.OffsetNumber-10\#ChannelRegularConversion=ADC_OFFSET_NONE
ADC2.OffsetNumber-12\#ChannelRegularConversion=ADC_OFFSET_NONE
ADC2.OffsetNumber-13\#ChannelRegularConversion=ADC_OFFSET_NONE
ADC2.Overrun=ADC_OVR_DATA_OVERWRITTEN
ADC2.OversamplingMode=DISABLE
ADC2.Rank-10\#ChannelRegularConversion=1
ADC2.Rank-12\#ChannelRegularConversion=2
ADC2.Rank-13\#ChannelRegularConversion=3
ADC2.SamplingTime-10\#ChannelRegularConversion=ADC_SAMPLETIME_12CYCLES_5
ADC2.SamplingTime-12\#ChannelRegularConversion=ADC_SAMPLETIME_12CYCLES_5
ADC2.SamplingTime-13\#ChannelRegularConversion=ADC_SAMPLETIME_12CYCLES_5
CAD.formats=
CAD.pinconfig=
CAD.provider=
CORTEX_M33_NS.AccessPermission-Cortex_Memory_Protection_Unit_Region0_Settings=MPU_REGION_ALL_RW
CORTEX_M33_NS.BaseAddress-Cortex_Memory_Protection_Unit_Region0_Settings=0x20000000
CORTEX_M33_NS.Enable-Cortex_Memory_Protection_Unit_Region0_Settings=MPU_REGION_ENABLE
CORTEX_M33_NS.IPParameters=MPU_Control,Enable-Cortex_Memory_Protection_Unit_Region0_Settings,BaseAddress-Cortex_Memory_Protection_Unit_Region0_Settings,LimitAddress-Cortex_Memory_Protection_Unit_Region0_Settings,AccessPermission-Cortex_Memory_Protection_Unit_Region0_Settings,IsShareable-Cortex_Memory_Protection_Unit_Region0_Settings
CORTEX_M33_NS.IsShareable-Cortex_Memory_Protection_Unit_Region0_Settings=MPU_ACCESS_OUTER_SHAREABLE
CORTEX_M33_NS.LimitAddress-Cortex_Memory_Protection_Unit_Region0_Settings=0x20000040
CORTEX_M33_NS.MPU_Control=MPU_HFNMI_PRIVDEF
CORTEX_M33_NS.userName=CORTEX_M33
FDCAN1.CalculateBaudRateNominal=5000000
FDCAN1.CalculateTimeBitNominal=200
FDCAN1.CalculateTimeQuantumNominal=40.0
FDCAN1.IPParameters=CalculateTimeQuantumNominal,CalculateTimeBitNominal,CalculateBaudRateNominal,NominalPrescaler
FDCAN1.NominalPrescaler=10
File.Version=6
GPDMA1.CIRCULARMODE_GPDMACH0=ENABLE
GPDMA1.DESTBURSTLENGTH_GPDMACH0=1
GPDMA1.DESTDATAWIDTH_GPDMACH0=DMA_DEST_DATAWIDTH_WORD
GPDMA1.DESTINC_GPDMACH0=DMA_DINC_INCREMENTED
GPDMA1.IPHANDLE_GPDMACH0-SIMPLEREQUEST_GPDMACH0=__NULL
GPDMA1.IPParameters=REQUEST_GPDMACH0,CIRCULARMODE_GPDMACH0,SRCDATAWIDTH_GPDMACH0,SRCBURSTLENGTH_GPDMACH0,DESTDATAWIDTH_GPDMACH0,DESTBURSTLENGTH_GPDMACH0,DESTINC_GPDMACH0,IPHANDLE_GPDMACH0-SIMPLEREQUEST_GPDMACH0,TRANSFERALLOCATEDPORTDEST_GPDMACH0
GPDMA1.REQUEST_GPDMACH0=GPDMA1_REQUEST_ADC1
GPDMA1.SRCBURSTLENGTH_GPDMACH0=1
GPDMA1.SRCDATAWIDTH_GPDMACH0=DMA_SRC_DATAWIDTH_WORD
GPDMA1.TRANSFERALLOCATEDPORTDEST_GPDMACH0=DMA_DEST_ALLOCATED_PORT1
I2C1.IPParameters=Timing
I2C1.Timing=0x60808CD3
KeepUserPlacement=false
Mcu.CPN=STM32H573RIV6
Mcu.ContextProject=TrustZoneDisabled
Mcu.Family=STM32H5
Mcu.IP0=ADC1
Mcu.IP1=ADC2
Mcu.IP10=RCC
Mcu.IP11=SYS
Mcu.IP12=TIM1
Mcu.IP13=TIM2
Mcu.IP14=TIM3
Mcu.IP15=TIM15
Mcu.IP16=USART1
Mcu.IP2=CORTEX_M33_NS
Mcu.IP3=DCACHE1
Mcu.IP4=DEBUG
Mcu.IP5=FDCAN1
Mcu.IP6=GPDMA1
Mcu.IP7=I2C1
Mcu.IP8=ICACHE
Mcu.IP9=NVIC
Mcu.IPNb=17
Mcu.Name=STM32H573RIVx
Mcu.Package=VFQFPN68
Mcu.Pin0=PC13
Mcu.Pin1=PC14-OSC32_IN(OSC32_IN)
Mcu.Pin10=PA3
Mcu.Pin11=PA5
Mcu.Pin12=PA6
Mcu.Pin13=PA7
Mcu.Pin14=PC4
Mcu.Pin15=PC5
Mcu.Pin16=PB0
Mcu.Pin17=PB1
Mcu.Pin18=PB13
Mcu.Pin19=PB14
Mcu.Pin2=PC15-OSC32_OUT(OSC32_OUT)
Mcu.Pin20=PB15
Mcu.Pin21=PC6
Mcu.Pin22=PC7
Mcu.Pin23=PA8
Mcu.Pin24=PA9
Mcu.Pin25=PA10
Mcu.Pin26=PA11
Mcu.Pin27=PA12
Mcu.Pin28=PA13(JTMS/SWDIO)
Mcu.Pin29=PA14(JTCK/SWCLK)
Mcu.Pin3=PH0-OSC_IN(PH0)
Mcu.Pin30=PA15(JTDI)
Mcu.Pin31=PC10
Mcu.Pin32=PC12
Mcu.Pin33=PB3(JTDO/TRACESWO)
Mcu.Pin34=PB6
Mcu.Pin35=PB7
Mcu.Pin36=PB8
Mcu.Pin37=PB9
Mcu.Pin38=PE0
Mcu.Pin39=VP_DCACHE1_VS_DCACHE
Mcu.Pin4=PH1-OSC_OUT(PH1)
Mcu.Pin40=VP_GPDMA1_VS_GPDMACH0
Mcu.Pin41=VP_ICACHE_VS_ICACHE
Mcu.Pin42=VP_ICACHE_VS_ENABLE_ICACHE_MEMORY
Mcu.Pin43=VP_SYS_VS_Systick
Mcu.Pin44=VP_TIM1_VS_no_output4
Mcu.Pin5=PC0
Mcu.Pin6=PC1
Mcu.Pin7=PC3
Mcu.Pin8=PA1
Mcu.Pin9=PA2
Mcu.PinsNb=45
Mcu.ThirdPartyNb=0
Mcu.UserConstants=
Mcu.UserName=STM32H573RIVx
MxCube.Version=6.8.1
MxDb.Version=DB.6.0.81
NVIC.ADC1_IRQn=true\:0\:0\:false\:false\:true\:true\:true\:true
NVIC.BusFault_IRQn=true\:0\:0\:false\:false\:true\:false\:false\:false
NVIC.DebugMonitor_IRQn=true\:0\:0\:false\:false\:true\:false\:false\:false
NVIC.ForceEnableDMAVector=false
NVIC.HardFault_IRQn=true\:0\:0\:false\:false\:true\:false\:false\:false
NVIC.MemoryManagement_IRQn=true\:0\:0\:false\:false\:true\:false\:false\:false
NVIC.NonMaskableInt_IRQn=true\:0\:0\:false\:false\:true\:false\:false\:false
NVIC.PendSV_IRQn=true\:0\:0\:false\:false\:true\:false\:false\:false
NVIC.PriorityGroup=NVIC_PRIORITYGROUP_4
NVIC.SVCall_IRQn=true\:0\:0\:false\:false\:true\:false\:false\:false
NVIC.SysTick_IRQn=true\:15\:0\:false\:false\:true\:false\:true\:false
NVIC.USART1_IRQn=true\:0\:0\:false\:false\:true\:true\:true\:true
NVIC.UsageFault_IRQn=true\:0\:0\:false\:false\:true\:false\:false\:false
PA1.Signal=ADCx_INP1
PA10.Locked=true
PA10.Signal=S_TIM1_CH3
PA11.Locked=true
PA11.Mode=FDCAN_Activate
PA11.Signal=FDCAN1_RX
PA12.Locked=true
PA12.Mode=FDCAN_Activate
PA12.Signal=FDCAN1_TX
PA13(JTMS/SWDIO).Locked=true
PA13(JTMS/SWDIO).Mode=Serial_Wire
PA13(JTMS/SWDIO).Signal=DEBUG_JTMS-SWDIO
PA14(JTCK/SWCLK).Locked=true
PA14(JTCK/SWCLK).Mode=Serial_Wire
PA14(JTCK/SWCLK).Signal=DEBUG_JTCK-SWCLK
PA15(JTDI).Locked=true
PA15(JTDI).Signal=S_TIM2_ETR
PA2.Locked=true
PA2.Signal=ADCx_INP14
PA3.Signal=ADCx_INP15
PA5.Locked=true
PA5.Signal=S_TIM2_CH1
PA6.Locked=true
PA6.Signal=SPI1_MISO
PA7.Locked=true
PA7.Signal=SPI1_MOSI
PA8.Locked=true
PA8.Signal=S_TIM1_CH1
PA9.Locked=true
PA9.Signal=S_TIM1_CH2
PB0.Locked=true
PB0.Mode=PWM Generation2 CH2 CH2N
PB0.Signal=TIM1_CH2N
PB1.Locked=true
PB1.Mode=PWM Generation3 CH3 CH3N
PB1.Signal=TIM1_CH3N
PB13.Locked=true
PB13.Mode=PWM Generation1 CH1 CH1N
PB13.Signal=TIM1_CH1N
PB14.Locked=true
PB14.Mode=Asynchronous
PB14.Signal=USART1_TX
PB15.Locked=true
PB15.Mode=Asynchronous
PB15.Signal=USART1_RX
PB3(JTDO/TRACESWO).Locked=true
PB3(JTDO/TRACESWO).Signal=S_TIM2_CH2
PB6.Locked=true
PB6.Mode=I2C
PB6.Signal=I2C1_SCL
PB7.Locked=true
PB7.Mode=I2C
PB7.Signal=I2C1_SDA
PB8.Locked=true
PB8.Signal=GPXTI8
PB9.Locked=true
PB9.Signal=GPXTI9
PC0.Signal=ADCx_INP10
PC1.Signal=ADCx_INP11
PC10.Locked=true
PC10.Signal=GPIO_Output
PC12.Signal=S_TIM15_CH1
PC13.Locked=true
PC13.Signal=GPIO_Output
PC14-OSC32_IN(OSC32_IN).Locked=true
PC14-OSC32_IN(OSC32_IN).Signal=GPIO_Output
PC15-OSC32_OUT(OSC32_OUT).Locked=true
PC15-OSC32_OUT(OSC32_OUT).Signal=GPIO_Output
PC3.Signal=ADCx_INP13
PC4.Locked=true
PC4.Signal=ADCx_INP4
PC5.Locked=true
PC5.Signal=ADCx_INP8
PC6.Locked=true
PC6.Signal=S_TIM3_CH1
PC7.Locked=true
PC7.Signal=S_TIM3_CH2
PE0.Locked=true
PE0.Signal=GPXTI0
PH0-OSC_IN(PH0).Locked=true
PH0-OSC_IN(PH0).Mode=HSE-External-Oscillator
PH0-OSC_IN(PH0).Signal=RCC_OSC_IN
PH1-OSC_OUT(PH1).Locked=true
PH1-OSC_OUT(PH1).Mode=HSE-External-Oscillator
PH1-OSC_OUT(PH1).Signal=RCC_OSC_OUT
PinOutPanel.RotationAngle=0
ProjectManager.AskForMigrate=true
ProjectManager.BackupPrevious=true
ProjectManager.CompilerOptimize=6
ProjectManager.ComputerToolchain=false
ProjectManager.CoupleFile=false
ProjectManager.CustomerFirmwarePackage=
ProjectManager.DefaultFWLocation=true
ProjectManager.DeletePrevious=true
ProjectManager.DeviceId=STM32H573RIVx
ProjectManager.FirmwarePackage=STM32Cube FW_H5 V1.0.1
ProjectManager.FreePins=false
ProjectManager.HalAssertFull=false
ProjectManager.HeapSize=0x200
ProjectManager.KeepUserCode=true
ProjectManager.LastFirmware=true
ProjectManager.LibraryCopy=1
ProjectManager.MainLocation=Core/Src
ProjectManager.NoMain=false
ProjectManager.PreviousToolchain=
ProjectManager.ProjectBuild=false
ProjectManager.ProjectFileName=Cubli_motor.ioc
ProjectManager.ProjectName=Cubli_motor
ProjectManager.ProjectStructure=
ProjectManager.RegisterCallBack=
ProjectManager.StackSize=0x400
ProjectManager.TargetToolchain=STM32CubeIDE
ProjectManager.ToolChainLocation=
ProjectManager.UnderRoot=true
ProjectManager.functionlistsort=1-SystemClock_Config-RCC-false-HAL-false,2-MX_GPIO_Init-GPIO-false-HAL-true,3-MX_GPDMA1_Init-GPDMA1-false-HAL-true,4-MX_ADC1_Init-ADC1-false-HAL-true,5-MX_ADC2_Init-ADC2-false-HAL-true,6-MX_DCACHE1_Init-DCACHE1-false-HAL-true,7-MX_FDCAN1_Init-FDCAN1-false-HAL-true,8-MX_I2C1_Init-I2C1-false-HAL-true,9-MX_ICACHE_Init-ICACHE-false-HAL-true,10-MX_TIM1_Init-TIM1-false-HAL-true,11-MX_TIM2_Init-TIM2-false-HAL-true,12-MX_USART1_UART_Init-USART1-false-HAL-true,13-MX_TIM15_Init-TIM15-false-HAL-true,14-MX_TIM3_Init-TIM3-false-HAL-true,0-MX_CORTEX_M33_NS_Init-CORTEX_M33_NS-false-HAL-true
RCC.ADCFreq_Value=250000000
RCC.AHBFreq_Value=250000000
RCC.APB1Freq_Value=250000000
RCC.APB1TimFreq_Value=250000000
RCC.APB2Freq_Value=250000000
RCC.APB2TimFreq_Value=250000000
RCC.APB3Freq_Value=250000000
RCC.CECFreq_Value=32000
RCC.CKPERFreq_Value=32000000
RCC.CRSFreq_Value=48000000
RCC.CSI_VALUE=4000000
RCC.CortexFreq_Value=250000000
RCC.DACFreq_Value=32768
RCC.EPOD_VALUE=24000000
RCC.ETHFreq_Value=250000000
RCC.FCLKCortexFreq_Value=250000000
RCC.FDCANClockSelection=RCC_FDCANCLKSOURCE_PLL1Q
RCC.FDCANFreq_Value=250000000
RCC.FamilyName=M
RCC.HCLKFreq_Value=250000000
RCC.HSE_VALUE=24000000
RCC.HSI48_VALUE=48000000
RCC.HSI_VALUE=64000000
RCC.I2C1Freq_Value=250000000
RCC.I2C2Freq_Value=250000000
RCC.I2C3Freq_Value=250000000
RCC.I2C4Freq_Value=250000000
RCC.I3C1Freq_Value=250000000
RCC.IPParameters=ADCFreq_Value,AHBFreq_Value,APB1Freq_Value,APB1TimFreq_Value,APB2Freq_Value,APB2TimFreq_Value,APB3Freq_Value,CECFreq_Value,CKPERFreq_Value,CRSFreq_Value,CSI_VALUE,CortexFreq_Value,DACFreq_Value,EPOD_VALUE,ETHFreq_Value,FCLKCortexFreq_Value,FDCANClockSelection,FDCANFreq_Value,FamilyName,HCLKFreq_Value,HSE_VALUE,HSI48_VALUE,HSI_VALUE,I2C1Freq_Value,I2C2Freq_Value,I2C3Freq_Value,I2C4Freq_Value,I3C1Freq_Value,LPTIM1Freq_Value,LPTIM2Freq_Value,LPTIM3Freq_Value,LPTIM4Freq_Value,LPTIM5Freq_Value,LPTIM6Freq_Value,LPUART1Freq_Value,LSCOPinFreq_Value,LSE_VALUE,LSIRC_VALUE,MCO1PinFreq_Value,MCO2PinFreq_Value,OCTOSPIMFreq_Value,PLL2PoutputFreq_Value,PLL2QoutputFreq_Value,PLL2RoutputFreq_Value,PLL3PoutputFreq_Value,PLL3QoutputFreq_Value,PLL3RoutputFreq_Value,PLLM,PLLN,PLLPoutputFreq_Value,PLLQoutputFreq_Value,PLLSourceVirtual,PWRFreq_Value,RNGFreq_Value,SAI1Freq_Value,SAI2Freq_Value,SDMMC1Freq_Value,SPI1Freq_Value,SPI2Freq_Value,SPI3Freq_Value,SPI6Freq_Value,SYSCLKFreq_VALUE,SYSCLKSource,UART4Freq_Value,UART5Freq_Value,UART7Freq_Value,UCPD1outputFreq_Value,USART11Freq_Value,USART1Freq_Value,USART2Freq_Value,USART3Freq_Value,USART6Freq_Value,USBFreq_Value,VCOInput2Freq_Value,VCOInput3Freq_Value,VCOInputFreq_Value,VCOOutputFreq_Value,VCOPLL2OutputFreq_Value,VCOPLL3OutputFreq_Value
RCC.LPTIM1Freq_Value=250000000
RCC.LPTIM2Freq_Value=250000000
RCC.LPTIM3Freq_Value=250000000
RCC.LPTIM4Freq_Value=250000000
RCC.LPTIM5Freq_Value=250000000
RCC.LPTIM6Freq_Value=250000000
RCC.LPUART1Freq_Value=250000000
RCC.LSCOPinFreq_Value=32000
RCC.LSE_VALUE=32768
RCC.LSIRC_VALUE=32000
RCC.MCO1PinFreq_Value=32000000
RCC.MCO2PinFreq_Value=250000000
RCC.OCTOSPIMFreq_Value=250000000
RCC.PLL2PoutputFreq_Value=258000000
RCC.PLL2QoutputFreq_Value=258000000
RCC.PLL2RoutputFreq_Value=258000000
RCC.PLL3PoutputFreq_Value=258000000
RCC.PLL3QoutputFreq_Value=258000000
RCC.PLL3RoutputFreq_Value=258000000
RCC.PLLM=6
RCC.PLLN=125
RCC.PLLPoutputFreq_Value=250000000
RCC.PLLQoutputFreq_Value=250000000
RCC.PLLSourceVirtual=RCC_PLL1_SOURCE_HSE
RCC.PWRFreq_Value=250000000
RCC.RNGFreq_Value=48000000
RCC.SAI1Freq_Value=258000000
RCC.SAI2Freq_Value=258000000
RCC.SDMMC1Freq_Value=250000000
RCC.SPI1Freq_Value=250000000
RCC.SPI2Freq_Value=250000000
RCC.SPI3Freq_Value=250000000
RCC.SPI6Freq_Value=250000000
RCC.SYSCLKFreq_VALUE=250000000
RCC.SYSCLKSource=RCC_SYSCLKSOURCE_PLLCLK
RCC.UART4Freq_Value=250000000
RCC.UART5Freq_Value=250000000
RCC.UART7Freq_Value=250000000
RCC.UCPD1outputFreq_Value=8000000
RCC.USART11Freq_Value=250000000
RCC.USART1Freq_Value=250000000
RCC.USART2Freq_Value=250000000
RCC.USART3Freq_Value=250000000
RCC.USART6Freq_Value=250000000
RCC.USBFreq_Value=48000000
RCC.VCOInput2Freq_Value=4000000
RCC.VCOInput3Freq_Value=4000000
RCC.VCOInputFreq_Value=4000000
RCC.VCOOutputFreq_Value=500000000
RCC.VCOPLL2OutputFreq_Value=516000000
RCC.VCOPLL3OutputFreq_Value=516000000
SH.ADCx_INP1.0=ADC1_INP1,IN1-Single-Ended
SH.ADCx_INP1.ConfNb=1
SH.ADCx_INP10.0=ADC2_INP10,IN10-Single-Ended
SH.ADCx_INP10.ConfNb=1
SH.ADCx_INP11.0=ADC2_INP11,IN11-Single-Ended
SH.ADCx_INP11.ConfNb=1
SH.ADCx_INP13.0=ADC2_INP13,IN13-Single-Ended
SH.ADCx_INP13.ConfNb=1
SH.ADCx_INP14.0=ADC2_INP14,IN14-Single-Ended
SH.ADCx_INP14.ConfNb=1
SH.ADCx_INP15.0=ADC1_INP15,IN15-Single-Ended
SH.ADCx_INP15.ConfNb=1
SH.ADCx_INP4.0=ADC1_INP4,IN4-Single-Ended
SH.ADCx_INP4.ConfNb=1
SH.ADCx_INP8.0=ADC1_INP8,IN8-Single-Ended
SH.ADCx_INP8.ConfNb=1
SH.GPXTI0.0=GPIO_EXTI0
SH.GPXTI0.ConfNb=1
SH.GPXTI8.0=GPIO_EXTI8
SH.GPXTI8.ConfNb=1
SH.GPXTI9.0=GPIO_EXTI9
SH.GPXTI9.ConfNb=1
SH.S_TIM15_CH1.0=TIM15_CH1,PWM Generation1 CH1
SH.S_TIM15_CH1.ConfNb=1
SH.S_TIM1_CH1.0=TIM1_CH1,PWM Generation1 CH1 CH1N
SH.S_TIM1_CH1.ConfNb=1
SH.S_TIM1_CH2.0=TIM1_CH2,PWM Generation2 CH2 CH2N
SH.S_TIM1_CH2.ConfNb=1
SH.S_TIM1_CH3.0=TIM1_CH3,PWM Generation3 CH3 CH3N
SH.S_TIM1_CH3.ConfNb=1
SH.S_TIM2_CH1.0=TIM2_CH1,Encoder_Interface_w_index
SH.S_TIM2_CH1.ConfNb=1
SH.S_TIM2_CH2.0=TIM2_CH2,Encoder_Interface_w_index
SH.S_TIM2_CH2.ConfNb=1
SH.S_TIM2_ETR.0=TIM2_ETR,Encoder_Interface_w_index
SH.S_TIM2_ETR.ConfNb=1
SH.S_TIM3_CH1.0=TIM3_CH1,PWM Generation1 CH1
SH.S_TIM3_CH1.ConfNb=1
SH.S_TIM3_CH2.0=TIM3_CH2,PWM Generation2 CH2
SH.S_TIM3_CH2.ConfNb=1
TIM1.Channel-Output\ Compare4\ No\ Output=TIM_CHANNEL_4
TIM1.Channel-PWM\ Generation1\ CH1\ CH1N=TIM_CHANNEL_1
TIM1.Channel-PWM\ Generation2\ CH2\ CH2N=TIM_CHANNEL_2
TIM1.Channel-PWM\ Generation3\ CH3\ CH3N=TIM_CHANNEL_3
TIM1.CounterMode=TIM_COUNTERMODE_CENTERALIGNED1
TIM1.DeadTime=100
TIM1.IPParameters=Channel-PWM Generation2 CH2 CH2N,Channel-PWM Generation1 CH1 CH1N,Prescaler,TIM_MasterOutputTrigger,CounterMode,Channel-PWM Generation3 CH3 CH3N,RepetitionCounter,TIM_MasterOutputTrigger2,Channel-Output Compare4 No Output,PeriodNoDither,PulseNoDither_4,DeadTime
TIM1.PeriodNoDither=2551
TIM1.Prescaler=0
TIM1.PulseNoDither_4=2551
TIM1.RepetitionCounter=0
TIM1.TIM_MasterOutputTrigger=TIM_TRGO_UPDATE
TIM1.TIM_MasterOutputTrigger2=TIM_TRGO2_RESET
TIM15.Channel-PWM\ Generation1\ CH1=TIM_CHANNEL_1
TIM15.IPParameters=Channel-PWM Generation1 CH1
TIM3.Channel-PWM\ Generation1\ CH1=TIM_CHANNEL_1
TIM3.Channel-PWM\ Generation2\ CH2=TIM_CHANNEL_2
TIM3.IPParameters=Channel-PWM Generation1 CH1,Channel-PWM Generation2 CH2,Prescaler,PeriodNoDither
TIM3.PeriodNoDither=1000
TIM3.Prescaler=9
USART1.IPParameters=VirtualMode
USART1.VirtualMode=VM_ASYNC
VP_DCACHE1_VS_DCACHE.Mode=DCACHE_Activate
VP_DCACHE1_VS_DCACHE.Signal=DCACHE1_VS_DCACHE
VP_GPDMA1_VS_GPDMACH0.Mode=SIMPLEREQUEST_GPDMACH0
VP_GPDMA1_VS_GPDMACH0.Signal=GPDMA1_VS_GPDMACH0
VP_ICACHE_VS_ENABLE_ICACHE_MEMORY.Mode=Memoryregions
VP_ICACHE_VS_ENABLE_ICACHE_MEMORY.Signal=ICACHE_VS_ENABLE_ICACHE_MEMORY
VP_ICACHE_VS_ICACHE.Mode=DirectMappedCache
VP_ICACHE_VS_ICACHE.Signal=ICACHE_VS_ICACHE
VP_SYS_VS_Systick.Mode=SysTick
VP_SYS_VS_Systick.Signal=SYS_VS_Systick
VP_TIM1_VS_no_output4.Mode=Output Compare4 No Output
VP_TIM1_VS_no_output4.Signal=TIM1_VS_no_output4
board=custom
isbadioc=false
